
Microsoft Visual Studio Solution File, Format Version 12.00
# Visual Studio Version 16
VisualStudioVersion = 16.0.30105.148
MinimumVisualStudioVersion = 10.0.40219.1
Project("{FAE04EC0-301F-11D3-BF4B-00C04F79EFBC}") = "CourseLibrary.API", "CourseLibrary.API\CourseLibrary.API.csproj", "{5A175D3D-DC90-49A1-A849-3D7E7A501FF0}"
EndProject
Global
	GlobalSection(SolutionConfigurationPlatforms) = preSolution
		Debug|Any CPU = Debug|Any CPU
		Release|Any CPU = Release|Any CPU
	EndGlobalSection
	GlobalSection(ProjectConfigurationPlatforms) = postSolution
		{5A175D3D-DC90-49A1-A849-3D7E7A501FF0}.Debug|Any CPU.ActiveCfg = Debug|Any CPU
		{5A175D3D-DC90-49A1-A849-3D7E7A501FF0}.Debug|Any CPU.Build.0 = Debug|Any CPU
		{5A175D3D-DC90-49A1-A849-3D7E7A501FF0}.Release|Any CPU.ActiveCfg = Release|Any CPU
		{5A175D3D-DC90-49A1-A849-3D7E7A501FF0}.Release|Any CPU.Build.0 = Release|Any CPU
	EndGlobalSection
	GlobalSection(SolutionProperties) = preSolution
		HideSolutionNode = FALSE
	EndGlobalSection
	GlobalSection(ExtensibilityGlobals) = postSolution
		SolutionGuid = {EE331FEF-9E11-479A-9482-B987B2547888}
	EndGlobalSection
EndGlobal
